// !$*UTF8*$!
{
	archiveVersion = 1;
	classes = {
	};
	objectVersion = 46;
	objects = {

/* Begin PBXBuildFile section */
		35CEF293DA866318BFCCE4DD /* Pods_CrossPromo.framework in Frameworks */ = {isa = PBXBuildFile; fileRef = 2137F75935A37FC91F543DC3 /* Pods_CrossPromo.framework */; };
		44837FE61DA2D4300049D00D /* CrossPromo.h in Headers */ = {isa = PBXBuildFile; fileRef = 44837FE51DA2D4300049D00D /* CrossPromo.h */; settings = {ATTRIBUTES = (Public, ); }; };
		44837FEE1DA2D4A20049D00D /* CrossPromo.swift in Sources */ = {isa = PBXBuildFile; fileRef = 44837FED1DA2D4A20049D00D /* CrossPromo.swift */; };
		44837FF01DA2D56E0049D00D /* dummyData.plist in Resources */ = {isa = PBXBuildFile; fileRef = 44837FEF1DA2D56E0049D00D /* dummyData.plist */; };
/* End PBXBuildFile section */

/* Begin PBXFileReference section */
		2137F75935A37FC91F543DC3 /* Pods_CrossPromo.framework */ = {isa = PBXFileReference; explicitFileType = wrapper.framework; includeInIndex = 0; path = Pods_CrossPromo.framework; sourceTree = BUILT_PRODUCTS_DIR; };
		2498D82D0C0EFBF6C5E11BF7 /* Pods-CrossPromo.release.xcconfig */ = {isa = PBXFileReference; includeInIndex = 1; lastKnownFileType = text.xcconfig; name = "Pods-CrossPromo.release.xcconfig"; path = "Pods/Target Support Files/Pods-CrossPromo/Pods-CrossPromo.release.xcconfig"; sourceTree = "<group>"; };
		258CB1DDC9C0B36C05E52F71 /* Pods-CrossPromo.debug.xcconfig */ = {isa = PBXFileReference; includeInIndex = 1; lastKnownFileType = text.xcconfig; name = "Pods-CrossPromo.debug.xcconfig"; path = "Pods/Target Support Files/Pods-CrossPromo/Pods-CrossPromo.debug.xcconfig"; sourceTree = "<group>"; };
		44837FE21DA2D4300049D00D /* CrossPromo.framework */ = {isa = PBXFileReference; explicitFileType = wrapper.framework; includeInIndex = 0; path = CrossPromo.framework; sourceTree = BUILT_PRODUCTS_DIR; };
		44837FE51DA2D4300049D00D /* CrossPromo.h */ = {isa = PBXFileReference; lastKnownFileType = sourcecode.c.h; path = CrossPromo.h; sourceTree = "<group>"; };
		44837FE71DA2D4300049D00D /* Info.plist */ = {isa = PBXFileReference; lastKnownFileType = text.plist.xml; path = Info.plist; sourceTree = "<group>"; };
		44837FED1DA2D4A20049D00D /* CrossPromo.swift */ = {isa = PBXFileReference; fileEncoding = 4; lastKnownFileType = sourcecode.swift; path = CrossPromo.swift; sourceTree = "<group>"; };
		44837FEF1DA2D56E0049D00D /* dummyData.plist */ = {isa = PBXFileReference; fileEncoding = 4; lastKnownFileType = text.plist.xml; path = dummyData.plist; sourceTree = "<group>"; };
/* End PBXFileReference section */

/* Begin PBXFrameworksBuildPhase section */
		44837FDE1DA2D4300049D00D /* Frameworks */ = {
			isa = PBXFrameworksBuildPhase;
			buildActionMask = 2147483647;
			files = (
				35CEF293DA866318BFCCE4DD /* Pods_CrossPromo.framework in Frameworks */,
			);
			runOnlyForDeploymentPostprocessing = 0;
		};
/* End PBXFrameworksBuildPhase section */

/* Begin PBXGroup section */
		16DDB646658525B15B26D0F0 /* Frameworks */ = {
			isa = PBXGroup;
			children = (
				2137F75935A37FC91F543DC3 /* Pods_CrossPromo.framework */,
			);
			name = Frameworks;
			sourceTree = "<group>";
		};
		44837FD81DA2D4300049D00D = {
			isa = PBXGroup;
			children = (
				44837FE41DA2D4300049D00D /* CrossPromo */,
				44837FE31DA2D4300049D00D /* Products */,
				D267C570C0E77F6D0F697D0E /* Pods */,
				16DDB646658525B15B26D0F0 /* Frameworks */,
			);
			sourceTree = "<group>";
		};
		44837FE31DA2D4300049D00D /* Products */ = {
			isa = PBXGroup;
			children = (
				44837FE21DA2D4300049D00D /* CrossPromo.framework */,
			);
			name = Products;
			sourceTree = "<group>";
		};
		44837FE41DA2D4300049D00D /* CrossPromo */ = {
			isa = PBXGroup;
			children = (
				44837FE51DA2D4300049D00D /* CrossPromo.h */,
				44837FE71DA2D4300049D00D /* Info.plist */,
				44837FED1DA2D4A20049D00D /* CrossPromo.swift */,
				44837FEF1DA2D56E0049D00D /* dummyData.plist */,
			);
			path = CrossPromo;
			sourceTree = "<group>";
		};
		D267C570C0E77F6D0F697D0E /* Pods */ = {
			isa = PBXGroup;
			children = (
				258CB1DDC9C0B36C05E52F71 /* Pods-CrossPromo.debug.xcconfig */,
				2498D82D0C0EFBF6C5E11BF7 /* Pods-CrossPromo.release.xcconfig */,
			);
			name = Pods;
			sourceTree = "<group>";
		};
/* End PBXGroup section */

/* Begin PBXHeadersBuildPhase section */
		44837FDF1DA2D4300049D00D /* Headers */ = {
			isa = PBXHeadersBuildPhase;
			buildActionMask = 2147483647;
			files = (
				44837FE61DA2D4300049D00D /* CrossPromo.h in Headers */,
			);
			runOnlyForDeploymentPostprocessing = 0;
		};
/* End PBXHeadersBuildPhase section */

/* Begin PBXNativeTarget section */
		44837FE11DA2D4300049D00D /* CrossPromo */ = {
			isa = PBXNativeTarget;
			buildConfigurationList = 44837FEA1DA2D4300049D00D /* Build configuration list for PBXNativeTarget "CrossPromo" */;
			buildPhases = (
				7060D9C0C35F78C3E4B5408D /* [CP] Check Pods Manifest.lock */,
				44837FDD1DA2D4300049D00D /* Sources */,
				44837FDE1DA2D4300049D00D /* Frameworks */,
				44837FDF1DA2D4300049D00D /* Headers */,
				44837FE01DA2D4300049D00D /* Resources */,
				AB6ACF2B61C8C572EF22B721 /* [CP] Copy Pods Resources */,
			);
			buildRules = (
			);
			dependencies = (
			);
			name = CrossPromo;
			productName = CrossPromo;
			productReference = 44837FE21DA2D4300049D00D /* CrossPromo.framework */;
			productType = "com.apple.product-type.framework";
		};
/* End PBXNativeTarget section */

/* Begin PBXProject section */
		44837FD91DA2D4300049D00D /* Project object */ = {
			isa = PBXProject;
			attributes = {
				LastUpgradeCheck = 0730;
				ORGANIZATIONNAME = "German Pereyra";
				TargetAttributes = {
					44837FE11DA2D4300049D00D = {
						CreatedOnToolsVersion = 7.3.1;
					};
				};
			};
			buildConfigurationList = 44837FDC1DA2D4300049D00D /* Build configuration list for PBXProject "CrossPromo" */;
			compatibilityVersion = "Xcode 3.2";
			developmentRegion = English;
			hasScannedForEncodings = 0;
			knownRegions = (
				en,
			);
			mainGroup = 44837FD81DA2D4300049D00D;
			productRefGroup = 44837FE31DA2D4300049D00D /* Products */;
			projectDirPath = "";
			projectRoot = "";
			targets = (
				44837FE11DA2D4300049D00D /* CrossPromo */,
			);
		};
/* End PBXProject section */

/* Begin PBXResourcesBuildPhase section */
		44837FE01DA2D4300049D00D /* Resources */ = {
			isa = PBXResourcesBuildPhase;
			buildActionMask = 2147483647;
			files = (
				44837FF01DA2D56E0049D00D /* dummyData.plist in Resources */,
			);
			runOnlyForDeploymentPostprocessing = 0;
		};
/* End PBXResourcesBuildPhase section */

/* Begin PBXShellScriptBuildPhase section */
		7060D9C0C35F78C3E4B5408D /* [CP] Check Pods Manifest.lock */ = {
			isa = PBXShellScriptBuildPhase;
			buildActionMask = 2147483647;
			files = (
			);
			inputPaths = (
			);
			name = "[CP] Check Pods Manifest.lock";
			outputPaths = (
			);
			runOnlyForDeploymentPostprocessing = 0;
			shellPath = /bin/sh;
			shellScript = "diff \"${PODS_ROOT}/../Podfile.lock\" \"${PODS_ROOT}/Manifest.lock\" > /dev/null\nif [ $? != 0 ] ; then\n    # print error to STDERR\n    echo \"error: The sandbox is not in sync with the Podfile.lock. Run 'pod install' or update your CocoaPods installation.\" >&2\n    exit 1\nfi\n";
			showEnvVarsInLog = 0;
		};
		AB6ACF2B61C8C572EF22B721 /* [CP] Copy Pods Resources */ = {
			isa = PBXShellScriptBuildPhase;
			buildActionMask = 2147483647;
			files = (
			);
			inputPaths = (
			);
			name = "[CP] Copy Pods Resources";
			outputPaths = (
			);
			runOnlyForDeploymentPostprocessing = 0;
			shellPath = /bin/sh;
			shellScript = "\"${SRCROOT}/Pods/Target Support Files/Pods-CrossPromo/Pods-CrossPromo-resources.sh\"\n";
			showEnvVarsInLog = 0;
		};
/* End PBXShellScriptBuildPhase section */

/* Begin PBXSourcesBuildPhase section */
		44837FDD1DA2D4300049D00D /* Sources */ = {
			isa = PBXSourcesBuildPhase;
			buildActionMask = 2147483647;
			files = (
				44837FEE1DA2D4A20049D00D /* CrossPromo.swift in Sources */,
			);
			runOnlyForDeploymentPostprocessing = 0;
		};
/* End PBXSourcesBuildPhase section */

/* Begin XCBuildConfiguration section */
		44837FE81DA2D4300049D00D /* Debug */ = {
			isa = XCBuildConfiguration;
			buildSettings = {
				ALWAYS_SEARCH_USER_PATHS = NO;
				CLANG_ANALYZER_NONNULL = YES;
				CLANG_CXX_LANGUAGE_STANDARD = "gnu++0x";
				CLANG_CXX_LIBRARY = "libc++";
				CLANG_ENABLE_MODULES = YES;
				CLANG_ENABLE_OBJC_ARC = YES;
				CLANG_WARN_BOOL_CONVERSION = YES;
				CLANG_WARN_CONSTANT_CONVERSION = YES;
				CLANG_WARN_DIRECT_OBJC_ISA_USAGE = YES_ERROR;
				CLANG_WARN_EMPTY_BODY = YES;
				CLANG_WARN_ENUM_CONVERSION = YES;
				CLANG_WARN_INT_CONVERSION = YES;
				CLANG_WARN_OBJC_ROOT_CLASS = YES_ERROR;
				CLANG_WARN_UNREACHABLE_CODE = YES;
				CLANG_WARN__DUPLICATE_METHOD_MATCH = YES;
				"CODE_SIGN_IDENTITY[sdk=iphoneos*]" = "iPhone Developer";
				COPY_PHASE_STRIP = NO;
				CURRENT_PROJECT_VERSION = 1;
				DEBUG_INFORMATION_FORMAT = dwarf;
				ENABLE_STRICT_OBJC_MSGSEND = YES;
				ENABLE_TESTABILITY = YES;
				GCC_C_LANGUAGE_STANDARD = gnu99;
				GCC_DYNAMIC_NO_PIC = NO;
				GCC_NO_COMMON_BLOCKS = YES;
				GCC_OPTIMIZATION_LEVEL = 0;
				GCC_PREPROCESSOR_DEFINITIONS = (
					"DEBUG=1",
					"$(inherited)",
				);
				GCC_WARN_64_TO_32_BIT_CONVERSION = YES;
				GCC_WARN_ABOUT_RETURN_TYPE = YES_ERROR;
				GCC_WARN_UNDECLARED_SELECTOR = YES;
				GCC_WARN_UNINITIALIZED_AUTOS = YES_AGGRESSIVE;
				GCC_WARN_UNUSED_FUNCTION = YES;
				GCC_WARN_UNUSED_VARIABLE = YES;
				IPHONEOS_DEPLOYMENT_TARGET = 9.3;
				MTL_ENABLE_DEBUG_INFO = YES;
				ONLY_ACTIVE_ARCH = YES;
				SDKROOT = iphoneos;
				SWIFT_OPTIMIZATION_LEVEL = "-Onone";
				TARGETED_DEVICE_FAMILY = "1,2";
				VERSIONING_SYSTEM = "apple-generic";
				VERSION_INFO_PREFIX = "";
			};
			name = Debug;
		};
		44837FE91DA2D4300049D00D /* Release */ = {
			isa = XCBuildConfiguration;
			buildSettings = {
				ALWAYS_SEARCH_USER_PATHS = NO;
				CLANG_ANALYZER_NONNULL = YES;
				CLANG_CXX_LANGUAGE_STANDARD = "gnu++0x";
				CLANG_CXX_LIBRARY = "libc++";
				CLANG_ENABLE_MODULES = YES;
				CLANG_ENABLE_OBJC_ARC = YES;
				CLANG_WARN_BOOL_CONVERSION = YES;
				CLANG_WARN_CONSTANT_CONVERSION = YES;
				CLANG_WARN_DIRECT_OBJC_ISA_USAGE = YES_ERROR;
				CLANG_WARN_EMPTY_BODY = YES;
				CLANG_WARN_ENUM_CONVERSION = YES;
				CLANG_WARN_INT_CONVERSION = YES;
				CLANG_WARN_OBJC_ROOT_CLASS = YES_ERROR;
				CLANG_WARN_UNREACHABLE_CODE = YES;
				CLANG_WARN__DUPLICATE_METHOD_MATCH = YES;
				"CODE_SIGN_IDENTITY[sdk=iphoneos*]" = "iPhone Developer";
				COPY_PHASE_STRIP = NO;
				CURRENT_PROJECT_VERSION = 1;
				DEBUG_INFORMATION_FORMAT = "dwarf-with-dsym";
				ENABLE_NS_ASSERTIONS = NO;
				ENABLE_STRICT_OBJC_MSGSEND = YES;
				GCC_C_LANGUAGE_STANDARD = gnu99;
				GCC_NO_COMMON_BLOCKS = YES;
				GCC_WARN_64_TO_32_BIT_CONVERSION = YES;
				GCC_WARN_ABOUT_RETURN_TYPE = YES_ERROR;
				GCC_WARN_UNDECLARED_SELECTOR = YES;
				GCC_WARN_UNINITIALIZED_AUTOS = YES_AGGRESSIVE;
				GCC_WARN_UNUSED_FUNCTION = YES;
				GCC_WARN_UNUSED_VARIABLE = YES;
				IPHONEOS_DEPLOYMENT_TARGET = 9.3;
				MTL_ENABLE_DEBUG_INFO = NO;
				SDKROOT = iphoneos;
				TARGETED_DEVICE_FAMILY = "1,2";
				VALIDATE_PRODUCT = YES;
				VERSIONING_SYSTEM = "apple-generic";
				VERSION_INFO_PREFIX = "";
			};
			name = Release;
		};
		44837FEB1DA2D4300049D00D /* Debug */ = {
			isa = XCBuildConfiguration;
			baseConfigurationReference = 258CB1DDC9C0B36C05E52F71 /* Pods-CrossPromo.debug.xcconfig */;
			buildSettings = {
				CLANG_ENABLE_MODULES = YES;
				DEFINES_MODULE = YES;
				DYLIB_COMPATIBILITY_VERSION = 1;
				DYLIB_CURRENT_VERSION = 1;
				DYLIB_INSTALL_NAME_BASE = "@rpath";
				INFOPLIST_FILE = CrossPromo/Info.plist;
				INSTALL_PATH = "$(LOCAL_LIBRARY_DIR)/Frameworks";
				LD_RUNPATH_SEARCH_PATHS = "$(inherited) @executable_path/Frameworks @loader_path/Frameworks";
				PRODUCT_BUNDLE_IDENTIFIER = com.germanpereyra.CrossPromo;
				PRODUCT_NAME = "$(TARGET_NAME)";
				SKIP_INSTALL = YES;
				SWIFT_OPTIMIZATION_LEVEL = "-Onone";
				SWIFT_VERSION = 2.3;
			};
			name = Debug;
		};
		44837FEC1DA2D4300049D00D /* Release */ = {
			isa = XCBuildConfiguration;
			baseConfigurationReference = 2498D82D0C0EFBF6C5E11BF7 /* Pods-CrossPromo.release.xcconfig */;
			buildSettings = {
				CLANG_ENABLE_MODULES = YES;
				DEFINES_MODULE = YES;
				DYLIB_COMPATIBILITY_VERSION = 1;
				DYLIB_CURRENT_VERSION = 1;
				DYLIB_INSTALL_NAME_BASE = "@rpath";
				INFOPLIST_FILE = CrossPromo/Info.plist;
				INSTALL_PATH = "$(LOCAL_LIBRARY_DIR)/Frameworks";
				LD_RUNPATH_SEARCH_PATHS = "$(inherited) @executable_path/Frameworks @loader_path/Frameworks";
				PRODUCT_BUNDLE_IDENTIFIER = com.germanpereyra.CrossPromo;
				PRODUCT_NAME = "$(TARGET_NAME)";
				SKIP_INSTALL = YES;
				SWIFT_VERSION = 2.3;
			};
			name = Release;
		};
/* End XCBuildConfiguration section */

/* Begin XCConfigurationList section */
		44837FDC1DA2D4300049D00D /* Build configuration list for PBXProject "CrossPromo" */ = {
			isa = XCConfigurationList;
			buildConfigurations = (
				44837FE81DA2D4300049D00D /* Debug */,
				44837FE91DA2D4300049D00D /* Release */,
			);
			defaultConfigurationIsVisible = 0;
			defaultConfigurationName = Release;
		};
		44837FEA1DA2D4300049D00D /* Build configuration list for PBXNativeTarget "CrossPromo" */ = {
			isa = XCConfigurationList;
			buildConfigurations = (
				44837FEB1DA2D4300049D00D /* Debug */,
				44837FEC1DA2D4300049D00D /* Release */,
			);
			defaultConfigurationIsVisible = 0;
			defaultConfigurationName = Release;
		};
/* End XCConfigurationList section */
	};
	rootObject = 44837FD91DA2D4300049D00D /* Project object */;
}
